
Microsoft Visual Studio Solution File, Format Version 12.00
# Visual Studio 14
VisualStudioVersion = 14.0.24720.0
MinimumVisualStudioVersion = 10.0.40219.1
Project("{F184B08F-C81C-45F6-A57F-5ABD9991F28F}") = "Umayado.WebUI", "Umayado.WebUI\Umayado.WebUI.vbproj", "{4F7CB2A5-B7AD-409B-86BA-EC8CF6DF440A}"
EndProject
Project("{F184B08F-C81C-45F6-A57F-5ABD9991F28F}") = "Umayado.DataAccess", "Umayado.DataAccess\Umayado.DataAccess.vbproj", "{79A43A80-5CDC-4815-8E58-579013EF3A1B}"
EndProject
Project("{F184B08F-C81C-45F6-A57F-5ABD9991F28F}") = "Umayado.Entity", "Umayado.Entity\Umayado.Entity.vbproj", "{5748390E-0C09-443D-91F2-8BCFE5BF3702}"
EndProject
Project("{F184B08F-C81C-45F6-A57F-5ABD9991F28F}") = "Umayado.WebForm", "Umayado.WebForm\Umayado.WebForm.vbproj", "{6D1518C2-CF52-44BB-A784-C51B0E0D3496}"
EndProject
Project("{F184B08F-C81C-45F6-A57F-5ABD9991F28F}") = "Umayado.Rendering", "Umayado.Rendering\Umayado.Rendering.vbproj", "{A5D04BF7-B29B-4618-8807-B1BA577FD52F}"
EndProject
Project("{F184B08F-C81C-45F6-A57F-5ABD9991F28F}") = "Umayado.Rendering.Test", "Umayado.Rendering.Test\Umayado.Rendering.Test.vbproj", "{C82B8D3D-85BB-4347-9C11-F347628D390B}"
EndProject
Global
	GlobalSection(SolutionConfigurationPlatforms) = preSolution
		Debug|Any CPU = Debug|Any CPU
		Release|Any CPU = Release|Any CPU
	EndGlobalSection
	GlobalSection(ProjectConfigurationPlatforms) = postSolution
		{4F7CB2A5-B7AD-409B-86BA-EC8CF6DF440A}.Debug|Any CPU.ActiveCfg = Debug|Any CPU
		{4F7CB2A5-B7AD-409B-86BA-EC8CF6DF440A}.Debug|Any CPU.Build.0 = Debug|Any CPU
		{4F7CB2A5-B7AD-409B-86BA-EC8CF6DF440A}.Release|Any CPU.ActiveCfg = Release|Any CPU
		{4F7CB2A5-B7AD-409B-86BA-EC8CF6DF440A}.Release|Any CPU.Build.0 = Release|Any CPU
		{79A43A80-5CDC-4815-8E58-579013EF3A1B}.Debug|Any CPU.ActiveCfg = Debug|Any CPU
		{79A43A80-5CDC-4815-8E58-579013EF3A1B}.Debug|Any CPU.Build.0 = Debug|Any CPU
		{79A43A80-5CDC-4815-8E58-579013EF3A1B}.Release|Any CPU.ActiveCfg = Release|Any CPU
		{79A43A80-5CDC-4815-8E58-579013EF3A1B}.Release|Any CPU.Build.0 = Release|Any CPU
		{5748390E-0C09-443D-91F2-8BCFE5BF3702}.Debug|Any CPU.ActiveCfg = Debug|Any CPU
		{5748390E-0C09-443D-91F2-8BCFE5BF3702}.Debug|Any CPU.Build.0 = Debug|Any CPU
		{5748390E-0C09-443D-91F2-8BCFE5BF3702}.Release|Any CPU.ActiveCfg = Release|Any CPU
		{5748390E-0C09-443D-91F2-8BCFE5BF3702}.Release|Any CPU.Build.0 = Release|Any CPU
		{6D1518C2-CF52-44BB-A784-C51B0E0D3496}.Debug|Any CPU.ActiveCfg = Debug|Any CPU
		{6D1518C2-CF52-44BB-A784-C51B0E0D3496}.Debug|Any CPU.Build.0 = Debug|Any CPU
		{6D1518C2-CF52-44BB-A784-C51B0E0D3496}.Release|Any CPU.ActiveCfg = Release|Any CPU
		{6D1518C2-CF52-44BB-A784-C51B0E0D3496}.Release|Any CPU.Build.0 = Release|Any CPU
		{A5D04BF7-B29B-4618-8807-B1BA577FD52F}.Debug|Any CPU.ActiveCfg = Debug|Any CPU
		{A5D04BF7-B29B-4618-8807-B1BA577FD52F}.Debug|Any CPU.Build.0 = Debug|Any CPU
		{A5D04BF7-B29B-4618-8807-B1BA577FD52F}.Release|Any CPU.ActiveCfg = Release|Any CPU
		{A5D04BF7-B29B-4618-8807-B1BA577FD52F}.Release|Any CPU.Build.0 = Release|Any CPU
		{C82B8D3D-85BB-4347-9C11-F347628D390B}.Debug|Any CPU.ActiveCfg = Debug|Any CPU
		{C82B8D3D-85BB-4347-9C11-F347628D390B}.Debug|Any CPU.Build.0 = Debug|Any CPU
		{C82B8D3D-85BB-4347-9C11-F347628D390B}.Release|Any CPU.ActiveCfg = Release|Any CPU
		{C82B8D3D-85BB-4347-9C11-F347628D390B}.Release|Any CPU.Build.0 = Release|Any CPU
	EndGlobalSection
	GlobalSection(SolutionProperties) = preSolution
		HideSolutionNode = FALSE
	EndGlobalSection
EndGlobal
